
Microsoft Visual Studio Solution File, Format Version 12.00
# Visual Studio Version 16
VisualStudioVersion = 16.0.29709.97
MinimumVisualStudioVersion = 10.0.40219.1
Project("{FAE04EC0-301F-11D3-BF4B-00C04F79EFBC}") = "AbstractTravelCompanyView", "AbstractShopView\AbstractTravelCompanyView.csproj", "{4EC6417C-D3F0-4C68-80A7-12980D9D9FAE}"
EndProject
Project("{9A19103F-16F7-4668-BE54-9A1E7A4F7556}") = "AbstractTravelCompanyBusinessLogic", "AbstractShopBusinessLogic\AbstractTravelCompanyBusinessLogic.csproj", "{A9E44F2C-3A4D-4832-9924-42D777ED0172}"
EndProject
Project("{FAE04EC0-301F-11D3-BF4B-00C04F79EFBC}") = "AbstractTravelCompanyListImplement", "AbstractTravelCompanyListImplement\AbstractTravelCompanyListImplement.csproj", "{3143B811-8E98-4265-AE8C-553195EC1573}"
EndProject
Global
	GlobalSection(SolutionConfigurationPlatforms) = preSolution
		Debug|Any CPU = Debug|Any CPU
		Release|Any CPU = Release|Any CPU
	EndGlobalSection
	GlobalSection(ProjectConfigurationPlatforms) = postSolution
		{4EC6417C-D3F0-4C68-80A7-12980D9D9FAE}.Debug|Any CPU.ActiveCfg = Debug|Any CPU
		{4EC6417C-D3F0-4C68-80A7-12980D9D9FAE}.Debug|Any CPU.Build.0 = Debug|Any CPU
		{4EC6417C-D3F0-4C68-80A7-12980D9D9FAE}.Release|Any CPU.ActiveCfg = Release|Any CPU
		{4EC6417C-D3F0-4C68-80A7-12980D9D9FAE}.Release|Any CPU.Build.0 = Release|Any CPU
		{A9E44F2C-3A4D-4832-9924-42D777ED0172}.Debug|Any CPU.ActiveCfg = Debug|Any CPU
		{A9E44F2C-3A4D-4832-9924-42D777ED0172}.Debug|Any CPU.Build.0 = Debug|Any CPU
		{A9E44F2C-3A4D-4832-9924-42D777ED0172}.Release|Any CPU.ActiveCfg = Release|Any CPU
		{A9E44F2C-3A4D-4832-9924-42D777ED0172}.Release|Any CPU.Build.0 = Release|Any CPU
		{3143B811-8E98-4265-AE8C-553195EC1573}.Debug|Any CPU.ActiveCfg = Debug|Any CPU
		{3143B811-8E98-4265-AE8C-553195EC1573}.Debug|Any CPU.Build.0 = Debug|Any CPU
		{3143B811-8E98-4265-AE8C-553195EC1573}.Release|Any CPU.ActiveCfg = Release|Any CPU
		{3143B811-8E98-4265-AE8C-553195EC1573}.Release|Any CPU.Build.0 = Release|Any CPU
	EndGlobalSection
	GlobalSection(SolutionProperties) = preSolution
		HideSolutionNode = FALSE
	EndGlobalSection
	GlobalSection(ExtensibilityGlobals) = postSolution
		SolutionGuid = {D0DC372C-8ECD-466D-81A5-BBDD23919416}
	EndGlobalSection
EndGlobal
